// !$*UTF8*$!
{
	archiveVersion = 1;
	classes = {
	};
	objectVersion = 55;
	objects = {

/* Begin PBXBuildFile section */
		E8627A1627D8D3F00038628C /* AppDelegate.swift in Sources */ = {isa = PBXBuildFile; fileRef = E8627A1527D8D3F00038628C /* AppDelegate.swift */; };
		E8627A1827D8D3F00038628C /* SceneDelegate.swift in Sources */ = {isa = PBXBuildFile; fileRef = E8627A1727D8D3F00038628C /* SceneDelegate.swift */; };
		E8627A1A27D8D3F00038628C /* ViewController.swift in Sources */ = {isa = PBXBuildFile; fileRef = E8627A1927D8D3F00038628C /* ViewController.swift */; };
		E8627A1D27D8D3F00038628C /* Main.storyboard in Resources */ = {isa = PBXBuildFile; fileRef = E8627A1B27D8D3F00038628C /* Main.storyboard */; };
		E8627A1F27D8D3F80038628C /* Assets.xcassets in Resources */ = {isa = PBXBuildFile; fileRef = E8627A1E27D8D3F80038628C /* Assets.xcassets */; };
		E8627A2227D8D3F80038628C /* LaunchScreen.storyboard in Resources */ = {isa = PBXBuildFile; fileRef = E8627A2027D8D3F80038628C /* LaunchScreen.storyboard */; };
		E8627A2B27D8D4C00038628C /* Realm in Frameworks */ = {isa = PBXBuildFile; productRef = E8627A2A27D8D4C00038628C /* Realm */; };
		E8627A2D27D8D4C00038628C /* RealmSwift in Frameworks */ = {isa = PBXBuildFile; productRef = E8627A2C27D8D4C00038628C /* RealmSwift */; };
		E8627A3827D8D5F10038628C /* Task.swift in Sources */ = {isa = PBXBuildFile; fileRef = E8627A3727D8D5F10038628C /* Task.swift */; };
		E8627A3C27D8D61B0038628C /* TasksContainer.swift in Sources */ = {isa = PBXBuildFile; fileRef = E8627A3B27D8D61B0038628C /* TasksContainer.swift */; };
		E8627A3E27D8D63B0038628C /* TasksVIewModel.swift in Sources */ = {isa = PBXBuildFile; fileRef = E8627A3D27D8D63B0038628C /* TasksVIewModel.swift */; };
		E8627A4027D8D7070038628C /* UIViewController.swift in Sources */ = {isa = PBXBuildFile; fileRef = E8627A3F27D8D7070038628C /* UIViewController.swift */; };
		E8627A4227D8D7110038628C /* UIView.swift in Sources */ = {isa = PBXBuildFile; fileRef = E8627A4127D8D7110038628C /* UIView.swift */; };
		E8627A4427D8D71B0038628C /* View.swift in Sources */ = {isa = PBXBuildFile; fileRef = E8627A4327D8D71B0038628C /* View.swift */; };
		E8627A4627D8D7290038628C /* DateFormatter.swift in Sources */ = {isa = PBXBuildFile; fileRef = E8627A4527D8D7290038628C /* DateFormatter.swift */; };
		E8627A4827D8D7310038628C /* Date.swift in Sources */ = {isa = PBXBuildFile; fileRef = E8627A4727D8D7310038628C /* Date.swift */; };
		E8627A4A27D8D73E0038628C /* Int.swift in Sources */ = {isa = PBXBuildFile; fileRef = E8627A4927D8D73E0038628C /* Int.swift */; };
		E8627A4E27D8DE790038628C /* TaskInputView.swift in Sources */ = {isa = PBXBuildFile; fileRef = E8627A4D27D8DE790038628C /* TaskInputView.swift */; };
		E8627A5027D8DE8B0038628C /* TaskListView.swift in Sources */ = {isa = PBXBuildFile; fileRef = E8627A4F27D8DE8B0038628C /* TaskListView.swift */; };
		E8627A5227D8DEA00038628C /* TaskRowView.swift in Sources */ = {isa = PBXBuildFile; fileRef = E8627A5127D8DEA00038628C /* TaskRowView.swift */; };
		E8627A5427D8E7D70038628C /* GridItem.swift in Sources */ = {isa = PBXBuildFile; fileRef = E8627A5327D8E7D70038628C /* GridItem.swift */; };
		E8CB926927DC7B9D00285CBF /* ObjectMapper in Frameworks */ = {isa = PBXBuildFile; productRef = E8CB926827DC7B9D00285CBF /* ObjectMapper */; };
		E8CB926C27DC982E00285CBF /* Mappable.swift in Sources */ = {isa = PBXBuildFile; fileRef = E8CB926B27DC982E00285CBF /* Mappable.swift */; };
		E8CB926E27DD81FA00285CBF /* TaskEditView.swift in Sources */ = {isa = PBXBuildFile; fileRef = E8CB926D27DD81FA00285CBF /* TaskEditView.swift */; };
		E8CB927027DDB51900285CBF /* HiddenView.swift in Sources */ = {isa = PBXBuildFile; fileRef = E8CB926F27DDB51900285CBF /* HiddenView.swift */; };
		E8CB927327DEBA1600285CBF /* RealmDataAccessObject.swift in Sources */ = {isa = PBXBuildFile; fileRef = E8CB927227DEBA1600285CBF /* RealmDataAccessObject.swift */; };
/* End PBXBuildFile section */

/* Begin PBXFileReference section */
		E8627A1227D8D3F00038628C /* Realm_try_02.app */ = {isa = PBXFileReference; explicitFileType = wrapper.application; includeInIndex = 0; path = Realm_try_02.app; sourceTree = BUILT_PRODUCTS_DIR; };
		E8627A1527D8D3F00038628C /* AppDelegate.swift */ = {isa = PBXFileReference; lastKnownFileType = sourcecode.swift; path = AppDelegate.swift; sourceTree = "<group>"; };
		E8627A1727D8D3F00038628C /* SceneDelegate.swift */ = {isa = PBXFileReference; lastKnownFileType = sourcecode.swift; path = SceneDelegate.swift; sourceTree = "<group>"; };
		E8627A1927D8D3F00038628C /* ViewController.swift */ = {isa = PBXFileReference; lastKnownFileType = sourcecode.swift; path = ViewController.swift; sourceTree = "<group>"; };
		E8627A1C27D8D3F00038628C /* Base */ = {isa = PBXFileReference; lastKnownFileType = file.storyboard; name = Base; path = Base.lproj/Main.storyboard; sourceTree = "<group>"; };
		E8627A1E27D8D3F80038628C /* Assets.xcassets */ = {isa = PBXFileReference; lastKnownFileType = folder.assetcatalog; path = Assets.xcassets; sourceTree = "<group>"; };
		E8627A2127D8D3F80038628C /* Base */ = {isa = PBXFileReference; lastKnownFileType = file.storyboard; name = Base; path = Base.lproj/LaunchScreen.storyboard; sourceTree = "<group>"; };
		E8627A2327D8D3F80038628C /* Info.plist */ = {isa = PBXFileReference; lastKnownFileType = text.plist.xml; path = Info.plist; sourceTree = "<group>"; };
		E8627A3727D8D5F10038628C /* Task.swift */ = {isa = PBXFileReference; lastKnownFileType = sourcecode.swift; path = Task.swift; sourceTree = "<group>"; };
		E8627A3B27D8D61B0038628C /* TasksContainer.swift */ = {isa = PBXFileReference; lastKnownFileType = sourcecode.swift; path = TasksContainer.swift; sourceTree = "<group>"; };
		E8627A3D27D8D63B0038628C /* TasksVIewModel.swift */ = {isa = PBXFileReference; lastKnownFileType = sourcecode.swift; path = TasksVIewModel.swift; sourceTree = "<group>"; };
		E8627A3F27D8D7070038628C /* UIViewController.swift */ = {isa = PBXFileReference; lastKnownFileType = sourcecode.swift; path = UIViewController.swift; sourceTree = "<group>"; };
		E8627A4127D8D7110038628C /* UIView.swift */ = {isa = PBXFileReference; lastKnownFileType = sourcecode.swift; path = UIView.swift; sourceTree = "<group>"; };
		E8627A4327D8D71B0038628C /* View.swift */ = {isa = PBXFileReference; lastKnownFileType = sourcecode.swift; path = View.swift; sourceTree = "<group>"; };
		E8627A4527D8D7290038628C /* DateFormatter.swift */ = {isa = PBXFileReference; lastKnownFileType = sourcecode.swift; path = DateFormatter.swift; sourceTree = "<group>"; };
		E8627A4727D8D7310038628C /* Date.swift */ = {isa = PBXFileReference; lastKnownFileType = sourcecode.swift; path = Date.swift; sourceTree = "<group>"; };
		E8627A4927D8D73E0038628C /* Int.swift */ = {isa = PBXFileReference; lastKnownFileType = sourcecode.swift; path = Int.swift; sourceTree = "<group>"; };
		E8627A4D27D8DE790038628C /* TaskInputView.swift */ = {isa = PBXFileReference; lastKnownFileType = sourcecode.swift; path = TaskInputView.swift; sourceTree = "<group>"; };
		E8627A4F27D8DE8B0038628C /* TaskListView.swift */ = {isa = PBXFileReference; lastKnownFileType = sourcecode.swift; path = TaskListView.swift; sourceTree = "<group>"; };
		E8627A5127D8DEA00038628C /* TaskRowView.swift */ = {isa = PBXFileReference; lastKnownFileType = sourcecode.swift; path = TaskRowView.swift; sourceTree = "<group>"; };
		E8627A5327D8E7D70038628C /* GridItem.swift */ = {isa = PBXFileReference; lastKnownFileType = sourcecode.swift; path = GridItem.swift; sourceTree = "<group>"; };
		E8CB926B27DC982E00285CBF /* Mappable.swift */ = {isa = PBXFileReference; lastKnownFileType = sourcecode.swift; path = Mappable.swift; sourceTree = "<group>"; };
		E8CB926D27DD81FA00285CBF /* TaskEditView.swift */ = {isa = PBXFileReference; lastKnownFileType = sourcecode.swift; path = TaskEditView.swift; sourceTree = "<group>"; };
		E8CB926F27DDB51900285CBF /* HiddenView.swift */ = {isa = PBXFileReference; lastKnownFileType = sourcecode.swift; path = HiddenView.swift; sourceTree = "<group>"; };
		E8CB927227DEBA1600285CBF /* RealmDataAccessObject.swift */ = {isa = PBXFileReference; lastKnownFileType = sourcecode.swift; path = RealmDataAccessObject.swift; sourceTree = "<group>"; };
/* End PBXFileReference section */

/* Begin PBXFrameworksBuildPhase section */
		E8627A0F27D8D3F00038628C /* Frameworks */ = {
			isa = PBXFrameworksBuildPhase;
			buildActionMask = 2147483647;
			files = (
				E8CB926927DC7B9D00285CBF /* ObjectMapper in Frameworks */,
				E8627A2D27D8D4C00038628C /* RealmSwift in Frameworks */,
				E8627A2B27D8D4C00038628C /* Realm in Frameworks */,
			);
			runOnlyForDeploymentPostprocessing = 0;
		};
/* End PBXFrameworksBuildPhase section */

/* Begin PBXGroup section */
		E8627A0927D8D3F00038628C = {
			isa = PBXGroup;
			children = (
				E8627A1427D8D3F00038628C /* Realm_try_02 */,
				E8627A1327D8D3F00038628C /* Products */,
			);
			sourceTree = "<group>";
		};
		E8627A1327D8D3F00038628C /* Products */ = {
			isa = PBXGroup;
			children = (
				E8627A1227D8D3F00038628C /* Realm_try_02.app */,
			);
			name = Products;
			sourceTree = "<group>";
		};
		E8627A1427D8D3F00038628C /* Realm_try_02 */ = {
			isa = PBXGroup;
			children = (
				E8627A1527D8D3F00038628C /* AppDelegate.swift */,
				E8627A1727D8D3F00038628C /* SceneDelegate.swift */,
				E8627A1927D8D3F00038628C /* ViewController.swift */,
				E8627A1B27D8D3F00038628C /* Main.storyboard */,
				E8CB926F27DDB51900285CBF /* HiddenView.swift */,
				E8627A2E27D8D5130038628C /* Activities */,
				E8627A3627D8D5D20038628C /* DataObjects */,
				E8627A2F27D8D5290038628C /* Enhancements */,
				E8627A1E27D8D3F80038628C /* Assets.xcassets */,
				E8627A2027D8D3F80038628C /* LaunchScreen.storyboard */,
				E8627A2327D8D3F80038628C /* Info.plist */,
			);
			path = Realm_try_02;
			sourceTree = "<group>";
		};
		E8627A2E27D8D5130038628C /* Activities */ = {
			isa = PBXGroup;
			children = (
				E8627A3527D8D5B90038628C /* Task */,
			);
			path = Activities;
			sourceTree = "<group>";
		};
		E8627A2F27D8D5290038628C /* Enhancements */ = {
			isa = PBXGroup;
			children = (
				E8CB927127DEB94A00285CBF /* Helper */,
				E8627A3027D8D56F0038628C /* Extentions */,
			);
			path = Enhancements;
			sourceTree = "<group>";
		};
		E8627A3027D8D56F0038628C /* Extentions */ = {
			isa = PBXGroup;
			children = (
				E8CB926A27DC97FA00285CBF /* ObjectMapper */,
				E8627A3127D8D5760038628C /* Swift */,
				E8627A3227D8D57C0038628C /* Foundation */,
				E8627A3327D8D5880038628C /* SwiftUI */,
				E8627A3427D8D5900038628C /* UIKit */,
			);
			path = Extentions;
			sourceTree = "<group>";
		};
		E8627A3127D8D5760038628C /* Swift */ = {
			isa = PBXGroup;
			children = (
				E8627A4927D8D73E0038628C /* Int.swift */,
			);
			path = Swift;
			sourceTree = "<group>";
		};
		E8627A3227D8D57C0038628C /* Foundation */ = {
			isa = PBXGroup;
			children = (
				E8627A4527D8D7290038628C /* DateFormatter.swift */,
				E8627A4727D8D7310038628C /* Date.swift */,
			);
			path = Foundation;
			sourceTree = "<group>";
		};
		E8627A3327D8D5880038628C /* SwiftUI */ = {
			isa = PBXGroup;
			children = (
				E8627A4327D8D71B0038628C /* View.swift */,
				E8627A5327D8E7D70038628C /* GridItem.swift */,
			);
			path = SwiftUI;
			sourceTree = "<group>";
		};
		E8627A3427D8D5900038628C /* UIKit */ = {
			isa = PBXGroup;
			children = (
				E8627A3F27D8D7070038628C /* UIViewController.swift */,
				E8627A4127D8D7110038628C /* UIView.swift */,
			);
			path = UIKit;
			sourceTree = "<group>";
		};
		E8627A3527D8D5B90038628C /* Task */ = {
			isa = PBXGroup;
			children = (
				E8627A3B27D8D61B0038628C /* TasksContainer.swift */,
				E8627A4D27D8DE790038628C /* TaskInputView.swift */,
				E8627A4F27D8DE8B0038628C /* TaskListView.swift */,
				E8627A5127D8DEA00038628C /* TaskRowView.swift */,
				E8CB926D27DD81FA00285CBF /* TaskEditView.swift */,
				E8627A3D27D8D63B0038628C /* TasksVIewModel.swift */,
			);
			path = Task;
			sourceTree = "<group>";
		};
		E8627A3627D8D5D20038628C /* DataObjects */ = {
			isa = PBXGroup;
			children = (
				E8627A3727D8D5F10038628C /* Task.swift */,
			);
			path = DataObjects;
			sourceTree = "<group>";
		};
		E8CB926A27DC97FA00285CBF /* ObjectMapper */ = {
			isa = PBXGroup;
			children = (
				E8CB926B27DC982E00285CBF /* Mappable.swift */,
			);
			path = ObjectMapper;
			sourceTree = "<group>";
		};
		E8CB927127DEB94A00285CBF /* Helper */ = {
			isa = PBXGroup;
			children = (
				E8CB927227DEBA1600285CBF /* RealmDataAccessObject.swift */,
			);
			path = Helper;
			sourceTree = "<group>";
		};
/* End PBXGroup section */

/* Begin PBXNativeTarget section */
		E8627A1127D8D3F00038628C /* Realm_try_02 */ = {
			isa = PBXNativeTarget;
			buildConfigurationList = E8627A2627D8D3F80038628C /* Build configuration list for PBXNativeTarget "Realm_try_02" */;
			buildPhases = (
				E8627A0E27D8D3F00038628C /* Sources */,
				E8627A0F27D8D3F00038628C /* Frameworks */,
				E8627A1027D8D3F00038628C /* Resources */,
			);
			buildRules = (
			);
			dependencies = (
			);
			name = Realm_try_02;
			packageProductDependencies = (
				E8627A2A27D8D4C00038628C /* Realm */,
				E8627A2C27D8D4C00038628C /* RealmSwift */,
				E8CB926827DC7B9D00285CBF /* ObjectMapper */,
			);
			productName = Realm_try_02;
			productReference = E8627A1227D8D3F00038628C /* Realm_try_02.app */;
			productType = "com.apple.product-type.application";
		};
/* End PBXNativeTarget section */

/* Begin PBXProject section */
		E8627A0A27D8D3F00038628C /* Project object */ = {
			isa = PBXProject;
			attributes = {
				BuildIndependentTargetsInParallel = 1;
				LastSwiftUpdateCheck = 1300;
				LastUpgradeCheck = 1300;
				TargetAttributes = {
					E8627A1127D8D3F00038628C = {
						CreatedOnToolsVersion = 13.0;
					};
				};
			};
			buildConfigurationList = E8627A0D27D8D3F00038628C /* Build configuration list for PBXProject "Realm_try_02" */;
			compatibilityVersion = "Xcode 13.0";
			developmentRegion = en;
			hasScannedForEncodings = 0;
			knownRegions = (
				en,
				Base,
			);
			mainGroup = E8627A0927D8D3F00038628C;
			packageReferences = (
				E8627A2927D8D4C00038628C /* XCRemoteSwiftPackageReference "realm-swift" */,
				E8CB926727DC7B9D00285CBF /* XCRemoteSwiftPackageReference "ObjectMapper" */,
			);
			productRefGroup = E8627A1327D8D3F00038628C /* Products */;
			projectDirPath = "";
			projectRoot = "";
			targets = (
				E8627A1127D8D3F00038628C /* Realm_try_02 */,
			);
		};
/* End PBXProject section */

/* Begin PBXResourcesBuildPhase section */
		E8627A1027D8D3F00038628C /* Resources */ = {
			isa = PBXResourcesBuildPhase;
			buildActionMask = 2147483647;
			files = (
				E8627A2227D8D3F80038628C /* LaunchScreen.storyboard in Resources */,
				E8627A1F27D8D3F80038628C /* Assets.xcassets in Resources */,
				E8627A1D27D8D3F00038628C /* Main.storyboard in Resources */,
			);
			runOnlyForDeploymentPostprocessing = 0;
		};
/* End PBXResourcesBuildPhase section */

/* Begin PBXSourcesBuildPhase section */
		E8627A0E27D8D3F00038628C /* Sources */ = {
			isa = PBXSourcesBuildPhase;
			buildActionMask = 2147483647;
			files = (
				E8627A3E27D8D63B0038628C /* TasksVIewModel.swift in Sources */,
				E8627A4A27D8D73E0038628C /* Int.swift in Sources */,
				E8627A5227D8DEA00038628C /* TaskRowView.swift in Sources */,
				E8CB926E27DD81FA00285CBF /* TaskEditView.swift in Sources */,
				E8627A5427D8E7D70038628C /* GridItem.swift in Sources */,
				E8627A5027D8DE8B0038628C /* TaskListView.swift in Sources */,
				E8627A1A27D8D3F00038628C /* ViewController.swift in Sources */,
				E8627A4427D8D71B0038628C /* View.swift in Sources */,
				E8CB926C27DC982E00285CBF /* Mappable.swift in Sources */,
				E8CB927327DEBA1600285CBF /* RealmDataAccessObject.swift in Sources */,
				E8627A3827D8D5F10038628C /* Task.swift in Sources */,
				E8627A4E27D8DE790038628C /* TaskInputView.swift in Sources */,
				E8627A4627D8D7290038628C /* DateFormatter.swift in Sources */,
				E8627A1627D8D3F00038628C /* AppDelegate.swift in Sources */,
				E8627A4827D8D7310038628C /* Date.swift in Sources */,
				E8627A3C27D8D61B0038628C /* TasksContainer.swift in Sources */,
				E8627A4027D8D7070038628C /* UIViewController.swift in Sources */,
				E8627A4227D8D7110038628C /* UIView.swift in Sources */,
				E8CB927027DDB51900285CBF /* HiddenView.swift in Sources */,
				E8627A1827D8D3F00038628C /* SceneDelegate.swift in Sources */,
			);
			runOnlyForDeploymentPostprocessing = 0;
		};
/* End PBXSourcesBuildPhase section */

/* Begin PBXVariantGroup section */
		E8627A1B27D8D3F00038628C /* Main.storyboard */ = {
			isa = PBXVariantGroup;
			children = (
				E8627A1C27D8D3F00038628C /* Base */,
			);
			name = Main.storyboard;
			sourceTree = "<group>";
		};
		E8627A2027D8D3F80038628C /* LaunchScreen.storyboard */ = {
			isa = PBXVariantGroup;
			children = (
				E8627A2127D8D3F80038628C /* Base */,
			);
			name = LaunchScreen.storyboard;
			sourceTree = "<group>";
		};
/* End PBXVariantGroup section */

/* Begin XCBuildConfiguration section */
		E8627A2427D8D3F80038628C /* Debug */ = {
			isa = XCBuildConfiguration;
			buildSettings = {
				ALWAYS_SEARCH_USER_PATHS = NO;
				CLANG_ANALYZER_NONNULL = YES;
				CLANG_ANALYZER_NUMBER_OBJECT_CONVERSION = YES_AGGRESSIVE;
				CLANG_CXX_LANGUAGE_STANDARD = "gnu++17";
				CLANG_CXX_LIBRARY = "libc++";
				CLANG_ENABLE_MODULES = YES;
				CLANG_ENABLE_OBJC_ARC = YES;
				CLANG_ENABLE_OBJC_WEAK = YES;
				CLANG_WARN_BLOCK_CAPTURE_AUTORELEASING = YES;
				CLANG_WARN_BOOL_CONVERSION = YES;
				CLANG_WARN_COMMA = YES;
				CLANG_WARN_CONSTANT_CONVERSION = YES;
				CLANG_WARN_DEPRECATED_OBJC_IMPLEMENTATIONS = YES;
				CLANG_WARN_DIRECT_OBJC_ISA_USAGE = YES_ERROR;
				CLANG_WARN_DOCUMENTATION_COMMENTS = YES;
				CLANG_WARN_EMPTY_BODY = YES;
				CLANG_WARN_ENUM_CONVERSION = YES;
				CLANG_WARN_INFINITE_RECURSION = YES;
				CLANG_WARN_INT_CONVERSION = YES;
				CLANG_WARN_NON_LITERAL_NULL_CONVERSION = YES;
				CLANG_WARN_OBJC_IMPLICIT_RETAIN_SELF = YES;
				CLANG_WARN_OBJC_LITERAL_CONVERSION = YES;
				CLANG_WARN_OBJC_ROOT_CLASS = YES_ERROR;
				CLANG_WARN_QUOTED_INCLUDE_IN_FRAMEWORK_HEADER = YES;
				CLANG_WARN_RANGE_LOOP_ANALYSIS = YES;
				CLANG_WARN_STRICT_PROTOTYPES = YES;
				CLANG_WARN_SUSPICIOUS_MOVE = YES;
				CLANG_WARN_UNGUARDED_AVAILABILITY = YES_AGGRESSIVE;
				CLANG_WARN_UNREACHABLE_CODE = YES;
				CLANG_WARN__DUPLICATE_METHOD_MATCH = YES;
				COPY_PHASE_STRIP = NO;
				DEBUG_INFORMATION_FORMAT = dwarf;
				ENABLE_STRICT_OBJC_MSGSEND = YES;
				ENABLE_TESTABILITY = YES;
				GCC_C_LANGUAGE_STANDARD = gnu11;
				GCC_DYNAMIC_NO_PIC = NO;
				GCC_NO_COMMON_BLOCKS = YES;
				GCC_OPTIMIZATION_LEVEL = 0;
				GCC_PREPROCESSOR_DEFINITIONS = (
					"DEBUG=1",
					"$(inherited)",
				);
				GCC_WARN_64_TO_32_BIT_CONVERSION = YES;
				GCC_WARN_ABOUT_RETURN_TYPE = YES_ERROR;
				GCC_WARN_UNDECLARED_SELECTOR = YES;
				GCC_WARN_UNINITIALIZED_AUTOS = YES_AGGRESSIVE;
				GCC_WARN_UNUSED_FUNCTION = YES;
				GCC_WARN_UNUSED_VARIABLE = YES;
				IPHONEOS_DEPLOYMENT_TARGET = 14.7;
				MTL_ENABLE_DEBUG_INFO = INCLUDE_SOURCE;
				MTL_FAST_MATH = YES;
				ONLY_ACTIVE_ARCH = YES;
				SDKROOT = iphoneos;
				SWIFT_ACTIVE_COMPILATION_CONDITIONS = DEBUG;
				SWIFT_OPTIMIZATION_LEVEL = "-Onone";
			};
			name = Debug;
		};
		E8627A2527D8D3F80038628C /* Release */ = {
			isa = XCBuildConfiguration;
			buildSettings = {
				ALWAYS_SEARCH_USER_PATHS = NO;
				CLANG_ANALYZER_NONNULL = YES;
				CLANG_ANALYZER_NUMBER_OBJECT_CONVERSION = YES_AGGRESSIVE;
				CLANG_CXX_LANGUAGE_STANDARD = "gnu++17";
				CLANG_CXX_LIBRARY = "libc++";
				CLANG_ENABLE_MODULES = YES;
				CLANG_ENABLE_OBJC_ARC = YES;
				CLANG_ENABLE_OBJC_WEAK = YES;
				CLANG_WARN_BLOCK_CAPTURE_AUTORELEASING = YES;
				CLANG_WARN_BOOL_CONVERSION = YES;
				CLANG_WARN_COMMA = YES;
				CLANG_WARN_CONSTANT_CONVERSION = YES;
				CLANG_WARN_DEPRECATED_OBJC_IMPLEMENTATIONS = YES;
				CLANG_WARN_DIRECT_OBJC_ISA_USAGE = YES_ERROR;
				CLANG_WARN_DOCUMENTATION_COMMENTS = YES;
				CLANG_WARN_EMPTY_BODY = YES;
				CLANG_WARN_ENUM_CONVERSION = YES;
				CLANG_WARN_INFINITE_RECURSION = YES;
				CLANG_WARN_INT_CONVERSION = YES;
				CLANG_WARN_NON_LITERAL_NULL_CONVERSION = YES;
				CLANG_WARN_OBJC_IMPLICIT_RETAIN_SELF = YES;
				CLANG_WARN_OBJC_LITERAL_CONVERSION = YES;
				CLANG_WARN_OBJC_ROOT_CLASS = YES_ERROR;
				CLANG_WARN_QUOTED_INCLUDE_IN_FRAMEWORK_HEADER = YES;
				CLANG_WARN_RANGE_LOOP_ANALYSIS = YES;
				CLANG_WARN_STRICT_PROTOTYPES = YES;
				CLANG_WARN_SUSPICIOUS_MOVE = YES;
				CLANG_WARN_UNGUARDED_AVAILABILITY = YES_AGGRESSIVE;
				CLANG_WARN_UNREACHABLE_CODE = YES;
				CLANG_WARN__DUPLICATE_METHOD_MATCH = YES;
				COPY_PHASE_STRIP = NO;
				DEBUG_INFORMATION_FORMAT = "dwarf-with-dsym";
				ENABLE_NS_ASSERTIONS = NO;
				ENABLE_STRICT_OBJC_MSGSEND = YES;
				GCC_C_LANGUAGE_STANDARD = gnu11;
				GCC_NO_COMMON_BLOCKS = YES;
				GCC_WARN_64_TO_32_BIT_CONVERSION = YES;
				GCC_WARN_ABOUT_RETURN_TYPE = YES_ERROR;
				GCC_WARN_UNDECLARED_SELECTOR = YES;
				GCC_WARN_UNINITIALIZED_AUTOS = YES_AGGRESSIVE;
				GCC_WARN_UNUSED_FUNCTION = YES;
				GCC_WARN_UNUSED_VARIABLE = YES;
				IPHONEOS_DEPLOYMENT_TARGET = 14.7;
				MTL_ENABLE_DEBUG_INFO = NO;
				MTL_FAST_MATH = YES;
				SDKROOT = iphoneos;
				SWIFT_COMPILATION_MODE = wholemodule;
				SWIFT_OPTIMIZATION_LEVEL = "-O";
				VALIDATE_PRODUCT = YES;
			};
			name = Release;
		};
		E8627A2727D8D3F80038628C /* Debug */ = {
			isa = XCBuildConfiguration;
			buildSettings = {
				ASSETCATALOG_COMPILER_APPICON_NAME = AppIcon;
				ASSETCATALOG_COMPILER_GLOBAL_ACCENT_COLOR_NAME = AccentColor;
				CODE_SIGN_STYLE = Automatic;
				CURRENT_PROJECT_VERSION = 1;
				DEVELOPMENT_TEAM = "";
				GENERATE_INFOPLIST_FILE = YES;
				INFOPLIST_FILE = Realm_try_02/Info.plist;
				INFOPLIST_KEY_UIApplicationSupportsIndirectInputEvents = YES;
				INFOPLIST_KEY_UILaunchStoryboardName = LaunchScreen;
				INFOPLIST_KEY_UIMainStoryboardFile = Main;
				INFOPLIST_KEY_UISupportedInterfaceOrientations_iPad = "UIInterfaceOrientationPortrait UIInterfaceOrientationPortraitUpsideDown UIInterfaceOrientationLandscapeLeft UIInterfaceOrientationLandscapeRight";
				INFOPLIST_KEY_UISupportedInterfaceOrientations_iPhone = "UIInterfaceOrientationPortrait UIInterfaceOrientationLandscapeLeft UIInterfaceOrientationLandscapeRight";
				LD_RUNPATH_SEARCH_PATHS = (
					"$(inherited)",
					"@executable_path/Frameworks",
				);
				MARKETING_VERSION = 1.0;
				PRODUCT_BUNDLE_IDENTIFIER = "jp.atoms.Realm-try-02";
				PRODUCT_NAME = "$(TARGET_NAME)";
				SWIFT_EMIT_LOC_STRINGS = YES;
				SWIFT_VERSION = 5.0;
				TARGETED_DEVICE_FAMILY = "1,2";
			};
			name = Debug;
		};
		E8627A2827D8D3F80038628C /* Release */ = {
			isa = XCBuildConfiguration;
			buildSettings = {
				ASSETCATALOG_COMPILER_APPICON_NAME = AppIcon;
				ASSETCATALOG_COMPILER_GLOBAL_ACCENT_COLOR_NAME = AccentColor;
				CODE_SIGN_STYLE = Automatic;
				CURRENT_PROJECT_VERSION = 1;
				DEVELOPMENT_TEAM = "";
				GENERATE_INFOPLIST_FILE = YES;
				INFOPLIST_FILE = Realm_try_02/Info.plist;
				INFOPLIST_KEY_UIApplicationSupportsIndirectInputEvents = YES;
				INFOPLIST_KEY_UILaunchStoryboardName = LaunchScreen;
				INFOPLIST_KEY_UIMainStoryboardFile = Main;
				INFOPLIST_KEY_UISupportedInterfaceOrientations_iPad = "UIInterfaceOrientationPortrait UIInterfaceOrientationPortraitUpsideDown UIInterfaceOrientationLandscapeLeft UIInterfaceOrientationLandscapeRight";
				INFOPLIST_KEY_UISupportedInterfaceOrientations_iPhone = "UIInterfaceOrientationPortrait UIInterfaceOrientationLandscapeLeft UIInterfaceOrientationLandscapeRight";
				LD_RUNPATH_SEARCH_PATHS = (
					"$(inherited)",
					"@executable_path/Frameworks",
				);
				MARKETING_VERSION = 1.0;
				PRODUCT_BUNDLE_IDENTIFIER = "jp.atoms.Realm-try-02";
				PRODUCT_NAME = "$(TARGET_NAME)";
				SWIFT_EMIT_LOC_STRINGS = YES;
				SWIFT_VERSION = 5.0;
				TARGETED_DEVICE_FAMILY = "1,2";
			};
			name = Release;
		};
/* End XCBuildConfiguration section */

/* Begin XCConfigurationList section */
		E8627A0D27D8D3F00038628C /* Build configuration list for PBXProject "Realm_try_02" */ = {
			isa = XCConfigurationList;
			buildConfigurations = (
				E8627A2427D8D3F80038628C /* Debug */,
				E8627A2527D8D3F80038628C /* Release */,
			);
			defaultConfigurationIsVisible = 0;
			defaultConfigurationName = Release;
		};
		E8627A2627D8D3F80038628C /* Build configuration list for PBXNativeTarget "Realm_try_02" */ = {
			isa = XCConfigurationList;
			buildConfigurations = (
				E8627A2727D8D3F80038628C /* Debug */,
				E8627A2827D8D3F80038628C /* Release */,
			);
			defaultConfigurationIsVisible = 0;
			defaultConfigurationName = Release;
		};
/* End XCConfigurationList section */

/* Begin XCRemoteSwiftPackageReference section */
		E8627A2927D8D4C00038628C /* XCRemoteSwiftPackageReference "realm-swift" */ = {
			isa = XCRemoteSwiftPackageReference;
			repositoryURL = "https://github.com/realm/realm-swift.git";
			requirement = {
				kind = upToNextMajorVersion;
				minimumVersion = 10.19.0;
			};
		};
		E8CB926727DC7B9D00285CBF /* XCRemoteSwiftPackageReference "ObjectMapper" */ = {
			isa = XCRemoteSwiftPackageReference;
			repositoryURL = "https://github.com/tristanhimmelman/ObjectMapper.git";
			requirement = {
				kind = upToNextMajorVersion;
				minimumVersion = 4.0.0;
			};
		};
/* End XCRemoteSwiftPackageReference section */

/* Begin XCSwiftPackageProductDependency section */
		E8627A2A27D8D4C00038628C /* Realm */ = {
			isa = XCSwiftPackageProductDependency;
			package = E8627A2927D8D4C00038628C /* XCRemoteSwiftPackageReference "realm-swift" */;
			productName = Realm;
		};
		E8627A2C27D8D4C00038628C /* RealmSwift */ = {
			isa = XCSwiftPackageProductDependency;
			package = E8627A2927D8D4C00038628C /* XCRemoteSwiftPackageReference "realm-swift" */;
			productName = RealmSwift;
		};
		E8CB926827DC7B9D00285CBF /* ObjectMapper */ = {
			isa = XCSwiftPackageProductDependency;
			package = E8CB926727DC7B9D00285CBF /* XCRemoteSwiftPackageReference "ObjectMapper" */;
			productName = ObjectMapper;
		};
/* End XCSwiftPackageProductDependency section */
	};
	rootObject = E8627A0A27D8D3F00038628C /* Project object */;
}
